
Microsoft Visual Studio Solution File, Format Version 12.00
# Visual Studio Version 17
VisualStudioVersion = 17.9.34728.123
MinimumVisualStudioVersion = 10.0.40219.1
Project("{FAE04EC0-301F-11D3-BF4B-00C04F79EFBC}") = "RazorSyntaxDemo", "RazorSyntaxDemo\RazorSyntaxDemo.csproj", "{286C1E7A-7F6F-4C6E-8FB5-C224496A4E0B}"
EndProject
Global
	GlobalSection(SolutionConfigurationPlatforms) = preSolution
		Debug|Any CPU = Debug|Any CPU
		Release|Any CPU = Release|Any CPU
	EndGlobalSection
	GlobalSection(ProjectConfigurationPlatforms) = postSolution
		{286C1E7A-7F6F-4C6E-8FB5-C224496A4E0B}.Debug|Any CPU.ActiveCfg = Debug|Any CPU
		{286C1E7A-7F6F-4C6E-8FB5-C224496A4E0B}.Debug|Any CPU.Build.0 = Debug|Any CPU
		{286C1E7A-7F6F-4C6E-8FB5-C224496A4E0B}.Release|Any CPU.ActiveCfg = Release|Any CPU
		{286C1E7A-7F6F-4C6E-8FB5-C224496A4E0B}.Release|Any CPU.Build.0 = Release|Any CPU
	EndGlobalSection
	GlobalSection(SolutionProperties) = preSolution
		HideSolutionNode = FALSE
	EndGlobalSection
	GlobalSection(ExtensibilityGlobals) = postSolution
		SolutionGuid = {42414ED1-4D71-41D3-AF9A-6F0B6D99C147}
	EndGlobalSection
EndGlobal
