
Microsoft Visual Studio Solution File, Format Version 12.00
# Visual Studio Version 17
VisualStudioVersion = 17.9.34728.123
MinimumVisualStudioVersion = 10.0.40219.1
Project("{FAE04EC0-301F-11D3-BF4B-00C04F79EFBC}") = "SqlConnection", "SqlConnection\SqlConnection.csproj", "{CA75ADA0-01F6-480A-AAB2-12D6C6139651}"
EndProject
Global
	GlobalSection(SolutionConfigurationPlatforms) = preSolution
		Debug|Any CPU = Debug|Any CPU
		Release|Any CPU = Release|Any CPU
	EndGlobalSection
	GlobalSection(ProjectConfigurationPlatforms) = postSolution
		{CA75ADA0-01F6-480A-AAB2-12D6C6139651}.Debug|Any CPU.ActiveCfg = Debug|Any CPU
		{CA75ADA0-01F6-480A-AAB2-12D6C6139651}.Debug|Any CPU.Build.0 = Debug|Any CPU
		{CA75ADA0-01F6-480A-AAB2-12D6C6139651}.Release|Any CPU.ActiveCfg = Release|Any CPU
		{CA75ADA0-01F6-480A-AAB2-12D6C6139651}.Release|Any CPU.Build.0 = Release|Any CPU
	EndGlobalSection
	GlobalSection(SolutionProperties) = preSolution
		HideSolutionNode = FALSE
	EndGlobalSection
	GlobalSection(ExtensibilityGlobals) = postSolution
		SolutionGuid = {B111C772-1838-4392-BE75-859D470AC999}
	EndGlobalSection
EndGlobal
