
Microsoft Visual Studio Solution File, Format Version 12.00
# Visual Studio Version 17
VisualStudioVersion = 17.9.34728.123
MinimumVisualStudioVersion = 10.0.40219.1
Project("{FAE04EC0-301F-11D3-BF4B-00C04F79EFBC}") = "DataPassing", "..\..\DATASTORAGE\DataPassing\DataPassing\DataPassing\DataPassing.csproj", "{8B9C9890-E42E-456D-9589-BF44526CF961}"
EndProject
Global
	GlobalSection(SolutionConfigurationPlatforms) = preSolution
		Debug|Any CPU = Debug|Any CPU
		Release|Any CPU = Release|Any CPU
	EndGlobalSection
	GlobalSection(ProjectConfigurationPlatforms) = postSolution
		{8B9C9890-E42E-456D-9589-BF44526CF961}.Debug|Any CPU.ActiveCfg = Debug|Any CPU
		{8B9C9890-E42E-456D-9589-BF44526CF961}.Debug|Any CPU.Build.0 = Debug|Any CPU
		{8B9C9890-E42E-456D-9589-BF44526CF961}.Release|Any CPU.ActiveCfg = Release|Any CPU
		{8B9C9890-E42E-456D-9589-BF44526CF961}.Release|Any CPU.Build.0 = Release|Any CPU
	EndGlobalSection
	GlobalSection(SolutionProperties) = preSolution
		HideSolutionNode = FALSE
	EndGlobalSection
	GlobalSection(ExtensibilityGlobals) = postSolution
		SolutionGuid = {8225BB0F-62AC-4B8C-AE07-FE52DDC53AD3}
	EndGlobalSection
EndGlobal
