
Microsoft Visual Studio Solution File, Format Version 12.00
# Visual Studio Version 17
VisualStudioVersion = 17.9.34728.123
MinimumVisualStudioVersion = 10.0.40219.1
Project("{FAE04EC0-301F-11D3-BF4B-00C04F79EFBC}") = "RoutingDemo", "RoutingDemo\RoutingDemo.csproj", "{EE7899A0-6482-4AB3-8706-6949B578E480}"
EndProject
Global
	GlobalSection(SolutionConfigurationPlatforms) = preSolution
		Debug|Any CPU = Debug|Any CPU
		Release|Any CPU = Release|Any CPU
	EndGlobalSection
	GlobalSection(ProjectConfigurationPlatforms) = postSolution
		{EE7899A0-6482-4AB3-8706-6949B578E480}.Debug|Any CPU.ActiveCfg = Debug|Any CPU
		{EE7899A0-6482-4AB3-8706-6949B578E480}.Debug|Any CPU.Build.0 = Debug|Any CPU
		{EE7899A0-6482-4AB3-8706-6949B578E480}.Release|Any CPU.ActiveCfg = Release|Any CPU
		{EE7899A0-6482-4AB3-8706-6949B578E480}.Release|Any CPU.Build.0 = Release|Any CPU
	EndGlobalSection
	GlobalSection(SolutionProperties) = preSolution
		HideSolutionNode = FALSE
	EndGlobalSection
	GlobalSection(ExtensibilityGlobals) = postSolution
		SolutionGuid = {58388061-4DB9-4ACA-AACB-FDFA039F31DD}
	EndGlobalSection
EndGlobal
