
Microsoft Visual Studio Solution File, Format Version 12.00
# Visual Studio Version 17
VisualStudioVersion = 17.9.34728.123
MinimumVisualStudioVersion = 10.0.40219.1
Project("{FAE04EC0-301F-11D3-BF4B-00C04F79EFBC}") = "DBFirstDemo", "DBFirstDemo\DBFirstDemo.csproj", "{181A819D-5ECC-48AD-AF08-07AEE526E8E0}"
EndProject
Global
	GlobalSection(SolutionConfigurationPlatforms) = preSolution
		Debug|Any CPU = Debug|Any CPU
		Release|Any CPU = Release|Any CPU
	EndGlobalSection
	GlobalSection(ProjectConfigurationPlatforms) = postSolution
		{181A819D-5ECC-48AD-AF08-07AEE526E8E0}.Debug|Any CPU.ActiveCfg = Debug|Any CPU
		{181A819D-5ECC-48AD-AF08-07AEE526E8E0}.Debug|Any CPU.Build.0 = Debug|Any CPU
		{181A819D-5ECC-48AD-AF08-07AEE526E8E0}.Release|Any CPU.ActiveCfg = Release|Any CPU
		{181A819D-5ECC-48AD-AF08-07AEE526E8E0}.Release|Any CPU.Build.0 = Release|Any CPU
	EndGlobalSection
	GlobalSection(SolutionProperties) = preSolution
		HideSolutionNode = FALSE
	EndGlobalSection
	GlobalSection(ExtensibilityGlobals) = postSolution
		SolutionGuid = {5437F9F5-8B2D-4AC4-AC9B-EA39722B0624}
	EndGlobalSection
EndGlobal
