
Microsoft Visual Studio Solution File, Format Version 12.00
# Visual Studio Version 17
VisualStudioVersion = 17.9.34728.123
MinimumVisualStudioVersion = 10.0.40219.1
Project("{FAE04EC0-301F-11D3-BF4B-00C04F79EFBC}") = "MiddlewareDemo", "MiddlewareDemo\MiddlewareDemo.csproj", "{ECBB11A6-AD37-4694-8542-4C42170EE16C}"
EndProject
Global
	GlobalSection(SolutionConfigurationPlatforms) = preSolution
		Debug|Any CPU = Debug|Any CPU
		Release|Any CPU = Release|Any CPU
	EndGlobalSection
	GlobalSection(ProjectConfigurationPlatforms) = postSolution
		{ECBB11A6-AD37-4694-8542-4C42170EE16C}.Debug|Any CPU.ActiveCfg = Debug|Any CPU
		{ECBB11A6-AD37-4694-8542-4C42170EE16C}.Debug|Any CPU.Build.0 = Debug|Any CPU
		{ECBB11A6-AD37-4694-8542-4C42170EE16C}.Release|Any CPU.ActiveCfg = Release|Any CPU
		{ECBB11A6-AD37-4694-8542-4C42170EE16C}.Release|Any CPU.Build.0 = Release|Any CPU
	EndGlobalSection
	GlobalSection(SolutionProperties) = preSolution
		HideSolutionNode = FALSE
	EndGlobalSection
	GlobalSection(ExtensibilityGlobals) = postSolution
		SolutionGuid = {B33A5BA8-4DF4-401F-8213-5A4870D6E853}
	EndGlobalSection
EndGlobal
