
Microsoft Visual Studio Solution File, Format Version 12.00
# Visual Studio Version 17
VisualStudioVersion = 17.9.34728.123
MinimumVisualStudioVersion = 10.0.40219.1
Project("{FAE04EC0-301F-11D3-BF4B-00C04F79EFBC}") = "DataAdapterDemo", "DataAdapterDemo\DataAdapterDemo.csproj", "{C1FF51D4-9F6F-49BD-A2FB-36D5BE18A24D}"
EndProject
Global
	GlobalSection(SolutionConfigurationPlatforms) = preSolution
		Debug|Any CPU = Debug|Any CPU
		Release|Any CPU = Release|Any CPU
	EndGlobalSection
	GlobalSection(ProjectConfigurationPlatforms) = postSolution
		{C1FF51D4-9F6F-49BD-A2FB-36D5BE18A24D}.Debug|Any CPU.ActiveCfg = Debug|Any CPU
		{C1FF51D4-9F6F-49BD-A2FB-36D5BE18A24D}.Debug|Any CPU.Build.0 = Debug|Any CPU
		{C1FF51D4-9F6F-49BD-A2FB-36D5BE18A24D}.Release|Any CPU.ActiveCfg = Release|Any CPU
		{C1FF51D4-9F6F-49BD-A2FB-36D5BE18A24D}.Release|Any CPU.Build.0 = Release|Any CPU
	EndGlobalSection
	GlobalSection(SolutionProperties) = preSolution
		HideSolutionNode = FALSE
	EndGlobalSection
	GlobalSection(ExtensibilityGlobals) = postSolution
		SolutionGuid = {D56F9D87-80F7-4B7C-AE01-713B363E43EC}
	EndGlobalSection
EndGlobal
